
Microsoft Visual Studio Solution File, Format Version 12.00
# Visual Studio Version 16
VisualStudioVersion = 16.0.31229.75
MinimumVisualStudioVersion = 10.0.40219.1
Project("{9A19103F-16F7-4668-BE54-9A1E7A4F7556}") = "DesignPatterns_Proxy", "DesignPatterns_Proxy.csproj", "{53929814-6378-4E22-9687-DA5E2D1AF648}"
EndProject
Global
	GlobalSection(SolutionConfigurationPlatforms) = preSolution
		Debug|Any CPU = Debug|Any CPU
		Release|Any CPU = Release|Any CPU
	EndGlobalSection
	GlobalSection(ProjectConfigurationPlatforms) = postSolution
		{53929814-6378-4E22-9687-DA5E2D1AF648}.Debug|Any CPU.ActiveCfg = Debug|Any CPU
		{53929814-6378-4E22-9687-DA5E2D1AF648}.Debug|Any CPU.Build.0 = Debug|Any CPU
		{53929814-6378-4E22-9687-DA5E2D1AF648}.Release|Any CPU.ActiveCfg = Release|Any CPU
		{53929814-6378-4E22-9687-DA5E2D1AF648}.Release|Any CPU.Build.0 = Release|Any CPU
	EndGlobalSection
	GlobalSection(SolutionProperties) = preSolution
		HideSolutionNode = FALSE
	EndGlobalSection
	GlobalSection(ExtensibilityGlobals) = postSolution
		SolutionGuid = {709AD618-1660-4477-9712-ABC959636E45}
	EndGlobalSection
EndGlobal
