
Microsoft Visual Studio Solution File, Format Version 12.00
# Visual Studio Version 16
VisualStudioVersion = 16.0.31229.75
MinimumVisualStudioVersion = 10.0.40219.1
Project("{FAE04EC0-301F-11D3-BF4B-00C04F79EFBC}") = "DesignPatterns_State", "DesignPatterns_State.csproj", "{F23748C9-891C-40D5-85F4-8EEC7A5EF44E}"
EndProject
Global
	GlobalSection(SolutionConfigurationPlatforms) = preSolution
		Debug|Any CPU = Debug|Any CPU
		Release|Any CPU = Release|Any CPU
	EndGlobalSection
	GlobalSection(ProjectConfigurationPlatforms) = postSolution
		{F23748C9-891C-40D5-85F4-8EEC7A5EF44E}.Debug|Any CPU.ActiveCfg = Debug|Any CPU
		{F23748C9-891C-40D5-85F4-8EEC7A5EF44E}.Debug|Any CPU.Build.0 = Debug|Any CPU
		{F23748C9-891C-40D5-85F4-8EEC7A5EF44E}.Release|Any CPU.ActiveCfg = Release|Any CPU
		{F23748C9-891C-40D5-85F4-8EEC7A5EF44E}.Release|Any CPU.Build.0 = Release|Any CPU
	EndGlobalSection
	GlobalSection(SolutionProperties) = preSolution
		HideSolutionNode = FALSE
	EndGlobalSection
	GlobalSection(ExtensibilityGlobals) = postSolution
		SolutionGuid = {A7C00196-9E63-41EB-AFAA-07A4CC879AD2}
	EndGlobalSection
EndGlobal
